
Microsoft Visual Studio Solution File, Format Version 12.00
# Visual Studio Version 17
VisualStudioVersion = 17.3.32819.101
MinimumVisualStudioVersion = 10.0.40219.1
Project("{FAE04EC0-301F-11D3-BF4B-00C04F79EFBC}") = "StopwatchUpdated", "StopwatchUpdated\StopwatchUpdated.csproj", "{D4A6EBA5-21FC-47B9-8C82-08345EC6A9EC}"
EndProject
Global
	GlobalSection(SolutionConfigurationPlatforms) = preSolution
		Debug|Any CPU = Debug|Any CPU
		Release|Any CPU = Release|Any CPU
	EndGlobalSection
	GlobalSection(ProjectConfigurationPlatforms) = postSolution
		{D4A6EBA5-21FC-47B9-8C82-08345EC6A9EC}.Debug|Any CPU.ActiveCfg = Debug|Any CPU
		{D4A6EBA5-21FC-47B9-8C82-08345EC6A9EC}.Debug|Any CPU.Build.0 = Debug|Any CPU
		{D4A6EBA5-21FC-47B9-8C82-08345EC6A9EC}.Release|Any CPU.ActiveCfg = Release|Any CPU
		{D4A6EBA5-21FC-47B9-8C82-08345EC6A9EC}.Release|Any CPU.Build.0 = Release|Any CPU
	EndGlobalSection
	GlobalSection(SolutionProperties) = preSolution
		HideSolutionNode = FALSE
	EndGlobalSection
	GlobalSection(ExtensibilityGlobals) = postSolution
		SolutionGuid = {F3161FC4-B140-4603-BDA2-5FA5CEBFF95D}
	EndGlobalSection
EndGlobal
